// !$*UTF8*$!
{
	archiveVersion = 1;
	classes = {
	};
	objectVersion = 56;
	objects = {

/* Begin PBXBuildFile section */
		1E59922417965AFFAFD24989 /* Pods_TravelMeit.framework in Frameworks */ = {isa = PBXBuildFile; fileRef = 93A0ADA83D42E16F96C0A2D0 /* Pods_TravelMeit.framework */; };
		C669AB642B2138A600CEAEAE /* AppDelegate.swift in Sources */ = {isa = PBXBuildFile; fileRef = C669AB632B2138A600CEAEAE /* AppDelegate.swift */; };
		C669AB6D2B2138A800CEAEAE /* Assets.xcassets in Resources */ = {isa = PBXBuildFile; fileRef = C669AB6C2B2138A800CEAEAE /* Assets.xcassets */; };
		C669AB702B2138A800CEAEAE /* LaunchScreen.storyboard in Resources */ = {isa = PBXBuildFile; fileRef = C669AB6E2B2138A800CEAEAE /* LaunchScreen.storyboard */; };
		C669AB782B213B2400CEAEAE /* GoogleService-Info.plist in Resources */ = {isa = PBXBuildFile; fileRef = C669AB772B213B2400CEAEAE /* GoogleService-Info.plist */; };
		C669AB7C2B22306B00CEAEAE /* Main.storyboard in Resources */ = {isa = PBXBuildFile; fileRef = C669AB7B2B22306B00CEAEAE /* Main.storyboard */; };
		C669AB7E2B2230AA00CEAEAE /* ViewController.swift in Sources */ = {isa = PBXBuildFile; fileRef = C669AB7D2B2230AA00CEAEAE /* ViewController.swift */; };
		C669AB802B2233D200CEAEAE /* SceneDelegate.swift in Sources */ = {isa = PBXBuildFile; fileRef = C669AB7F2B2233D200CEAEAE /* SceneDelegate.swift */; };
/* End PBXBuildFile section */

/* Begin PBXFileReference section */
		711A3096D29E15B543706A75 /* Pods-TravelMeit.release.xcconfig */ = {isa = PBXFileReference; includeInIndex = 1; lastKnownFileType = text.xcconfig; name = "Pods-TravelMeit.release.xcconfig"; path = "Target Support Files/Pods-TravelMeit/Pods-TravelMeit.release.xcconfig"; sourceTree = "<group>"; };
		93A0ADA83D42E16F96C0A2D0 /* Pods_TravelMeit.framework */ = {isa = PBXFileReference; explicitFileType = wrapper.framework; includeInIndex = 0; path = Pods_TravelMeit.framework; sourceTree = BUILT_PRODUCTS_DIR; };
		C0B5A87D271CA4435A1FDC52 /* Pods-TravelMeit.debug.xcconfig */ = {isa = PBXFileReference; includeInIndex = 1; lastKnownFileType = text.xcconfig; name = "Pods-TravelMeit.debug.xcconfig"; path = "Target Support Files/Pods-TravelMeit/Pods-TravelMeit.debug.xcconfig"; sourceTree = "<group>"; };
		C669AB602B2138A600CEAEAE /* TravelMeit.app */ = {isa = PBXFileReference; explicitFileType = wrapper.application; includeInIndex = 0; path = TravelMeit.app; sourceTree = BUILT_PRODUCTS_DIR; };
		C669AB632B2138A600CEAEAE /* AppDelegate.swift */ = {isa = PBXFileReference; lastKnownFileType = sourcecode.swift; path = AppDelegate.swift; sourceTree = "<group>"; };
		C669AB6C2B2138A800CEAEAE /* Assets.xcassets */ = {isa = PBXFileReference; lastKnownFileType = folder.assetcatalog; path = Assets.xcassets; sourceTree = "<group>"; };
		C669AB6F2B2138A800CEAEAE /* Base */ = {isa = PBXFileReference; lastKnownFileType = file.storyboard; name = Base; path = Base.lproj/LaunchScreen.storyboard; sourceTree = "<group>"; };
		C669AB712B2138A800CEAEAE /* Info.plist */ = {isa = PBXFileReference; lastKnownFileType = text.plist.xml; path = Info.plist; sourceTree = "<group>"; };
		C669AB772B213B2400CEAEAE /* GoogleService-Info.plist */ = {isa = PBXFileReference; fileEncoding = 4; lastKnownFileType = text.plist.xml; path = "GoogleService-Info.plist"; sourceTree = "<group>"; };
		C669AB7B2B22306B00CEAEAE /* Main.storyboard */ = {isa = PBXFileReference; lastKnownFileType = file.storyboard; path = Main.storyboard; sourceTree = "<group>"; };
		C669AB7D2B2230AA00CEAEAE /* ViewController.swift */ = {isa = PBXFileReference; lastKnownFileType = sourcecode.swift; path = ViewController.swift; sourceTree = "<group>"; };
		C669AB7F2B2233D200CEAEAE /* SceneDelegate.swift */ = {isa = PBXFileReference; lastKnownFileType = sourcecode.swift; path = SceneDelegate.swift; sourceTree = "<group>"; };
/* End PBXFileReference section */

/* Begin PBXFrameworksBuildPhase section */
		C669AB5D2B2138A600CEAEAE /* Frameworks */ = {
			isa = PBXFrameworksBuildPhase;
			buildActionMask = 2147483647;
			files = (
				1E59922417965AFFAFD24989 /* Pods_TravelMeit.framework in Frameworks */,
			);
			runOnlyForDeploymentPostprocessing = 0;
		};
/* End PBXFrameworksBuildPhase section */

/* Begin PBXGroup section */
		4CC05D887DEBD3048027C821 /* Frameworks */ = {
			isa = PBXGroup;
			children = (
				93A0ADA83D42E16F96C0A2D0 /* Pods_TravelMeit.framework */,
			);
			name = Frameworks;
			sourceTree = "<group>";
		};
		C669AB572B2138A600CEAEAE = {
			isa = PBXGroup;
			children = (
				C669AB622B2138A600CEAEAE /* TravelMeit */,
				C669AB612B2138A600CEAEAE /* Products */,
				F835211C23E18B84D9DFB480 /* Pods */,
				4CC05D887DEBD3048027C821 /* Frameworks */,
			);
			sourceTree = "<group>";
		};
		C669AB612B2138A600CEAEAE /* Products */ = {
			isa = PBXGroup;
			children = (
				C669AB602B2138A600CEAEAE /* TravelMeit.app */,
			);
			name = Products;
			sourceTree = "<group>";
		};
		C669AB622B2138A600CEAEAE /* TravelMeit */ = {
			isa = PBXGroup;
			children = (
				C669AB632B2138A600CEAEAE /* AppDelegate.swift */,
				C669AB6C2B2138A800CEAEAE /* Assets.xcassets */,
				C669AB7B2B22306B00CEAEAE /* Main.storyboard */,
				C669AB7D2B2230AA00CEAEAE /* ViewController.swift */,
				C669AB7F2B2233D200CEAEAE /* SceneDelegate.swift */,
				C669AB6E2B2138A800CEAEAE /* LaunchScreen.storyboard */,
				C669AB712B2138A800CEAEAE /* Info.plist */,
				C669AB772B213B2400CEAEAE /* GoogleService-Info.plist */,
			);
			path = TravelMeit;
			sourceTree = "<group>";
		};
		F835211C23E18B84D9DFB480 /* Pods */ = {
			isa = PBXGroup;
			children = (
				C0B5A87D271CA4435A1FDC52 /* Pods-TravelMeit.debug.xcconfig */,
				711A3096D29E15B543706A75 /* Pods-TravelMeit.release.xcconfig */,
			);
			path = Pods;
			sourceTree = "<group>";
		};
/* End PBXGroup section */

/* Begin PBXNativeTarget section */
		C669AB5F2B2138A600CEAEAE /* TravelMeit */ = {
			isa = PBXNativeTarget;
			buildConfigurationList = C669AB742B2138A800CEAEAE /* Build configuration list for PBXNativeTarget "TravelMeit" */;
			buildPhases = (
				63561A1D5ABCBCEA3BAA2409 /* [CP] Check Pods Manifest.lock */,
				C669AB5C2B2138A600CEAEAE /* Sources */,
				C669AB5D2B2138A600CEAEAE /* Frameworks */,
				C669AB5E2B2138A600CEAEAE /* Resources */,
				D4B4ED68D3A3A3F45AC820DF /* [CP] Embed Pods Frameworks */,
			);
			buildRules = (
			);
			dependencies = (
			);
			name = TravelMeit;
			productName = TravelMeit;
			productReference = C669AB602B2138A600CEAEAE /* TravelMeit.app */;
			productType = "com.apple.product-type.application";
		};
/* End PBXNativeTarget section */

/* Begin PBXProject section */
		C669AB582B2138A600CEAEAE /* Project object */ = {
			isa = PBXProject;
			attributes = {
				BuildIndependentTargetsInParallel = 1;
				LastSwiftUpdateCheck = 1500;
				LastUpgradeCheck = 1500;
				TargetAttributes = {
					C669AB5F2B2138A600CEAEAE = {
						CreatedOnToolsVersion = 15.0;
					};
				};
			};
			buildConfigurationList = C669AB5B2B2138A600CEAEAE /* Build configuration list for PBXProject "TravelMeit" */;
			compatibilityVersion = "Xcode 14.0";
			developmentRegion = en;
			hasScannedForEncodings = 0;
			knownRegions = (
				en,
				Base,
			);
			mainGroup = C669AB572B2138A600CEAEAE;
			productRefGroup = C669AB612B2138A600CEAEAE /* Products */;
			projectDirPath = "";
			projectRoot = "";
			targets = (
				C669AB5F2B2138A600CEAEAE /* TravelMeit */,
			);
		};
/* End PBXProject section */

/* Begin PBXResourcesBuildPhase section */
		C669AB5E2B2138A600CEAEAE /* Resources */ = {
			isa = PBXResourcesBuildPhase;
			buildActionMask = 2147483647;
			files = (
				C669AB702B2138A800CEAEAE /* LaunchScreen.storyboard in Resources */,
				C669AB782B213B2400CEAEAE /* GoogleService-Info.plist in Resources */,
				C669AB6D2B2138A800CEAEAE /* Assets.xcassets in Resources */,
				C669AB7C2B22306B00CEAEAE /* Main.storyboard in Resources */,
			);
			runOnlyForDeploymentPostprocessing = 0;
		};
/* End PBXResourcesBuildPhase section */

/* Begin PBXShellScriptBuildPhase section */
		63561A1D5ABCBCEA3BAA2409 /* [CP] Check Pods Manifest.lock */ = {
			isa = PBXShellScriptBuildPhase;
			buildActionMask = 2147483647;
			files = (
			);
			inputFileListPaths = (
			);
			inputPaths = (
				"${PODS_PODFILE_DIR_PATH}/Podfile.lock",
				"${PODS_ROOT}/Manifest.lock",
			);
			name = "[CP] Check Pods Manifest.lock";
			outputFileListPaths = (
			);
			outputPaths = (
				"$(DERIVED_FILE_DIR)/Pods-TravelMeit-checkManifestLockResult.txt",
			);
			runOnlyForDeploymentPostprocessing = 0;
			shellPath = /bin/sh;
			shellScript = "diff \"${PODS_PODFILE_DIR_PATH}/Podfile.lock\" \"${PODS_ROOT}/Manifest.lock\" > /dev/null\nif [ $? != 0 ] ; then\n    # print error to STDERR\n    echo \"error: The sandbox is not in sync with the Podfile.lock. Run 'pod install' or update your CocoaPods installation.\" >&2\n    exit 1\nfi\n# This output is used by Xcode 'outputs' to avoid re-running this script phase.\necho \"SUCCESS\" > \"${SCRIPT_OUTPUT_FILE_0}\"\n";
			showEnvVarsInLog = 0;
		};
		D4B4ED68D3A3A3F45AC820DF /* [CP] Embed Pods Frameworks */ = {
			isa = PBXShellScriptBuildPhase;
			buildActionMask = 2147483647;
			files = (
			);
			inputFileListPaths = (
				"${PODS_ROOT}/Target Support Files/Pods-TravelMeit/Pods-TravelMeit-frameworks-${CONFIGURATION}-input-files.xcfilelist",
			);
			name = "[CP] Embed Pods Frameworks";
			outputFileListPaths = (
				"${PODS_ROOT}/Target Support Files/Pods-TravelMeit/Pods-TravelMeit-frameworks-${CONFIGURATION}-output-files.xcfilelist",
			);
			runOnlyForDeploymentPostprocessing = 0;
			shellPath = /bin/sh;
			shellScript = "\"${PODS_ROOT}/Target Support Files/Pods-TravelMeit/Pods-TravelMeit-frameworks.sh\"\n";
			showEnvVarsInLog = 0;
		};
/* End PBXShellScriptBuildPhase section */

/* Begin PBXSourcesBuildPhase section */
		C669AB5C2B2138A600CEAEAE /* Sources */ = {
			isa = PBXSourcesBuildPhase;
			buildActionMask = 2147483647;
			files = (
				C669AB7E2B2230AA00CEAEAE /* ViewController.swift in Sources */,
				C669AB642B2138A600CEAEAE /* AppDelegate.swift in Sources */,
				C669AB802B2233D200CEAEAE /* SceneDelegate.swift in Sources */,
			);
			runOnlyForDeploymentPostprocessing = 0;
		};
/* End PBXSourcesBuildPhase section */

/* Begin PBXVariantGroup section */
		C669AB6E2B2138A800CEAEAE /* LaunchScreen.storyboard */ = {
			isa = PBXVariantGroup;
			children = (
				C669AB6F2B2138A800CEAEAE /* Base */,
			);
			name = LaunchScreen.storyboard;
			sourceTree = "<group>";
		};
/* End PBXVariantGroup section */

/* Begin XCBuildConfiguration section */
		C669AB722B2138A800CEAEAE /* Debug */ = {
			isa = XCBuildConfiguration;
			buildSettings = {
				ALWAYS_SEARCH_USER_PATHS = NO;
				ASSETCATALOG_COMPILER_GENERATE_SWIFT_ASSET_SYMBOL_EXTENSIONS = YES;
				CLANG_ANALYZER_NONNULL = YES;
				CLANG_ANALYZER_NUMBER_OBJECT_CONVERSION = YES_AGGRESSIVE;
				CLANG_CXX_LANGUAGE_STANDARD = "gnu++20";
				CLANG_ENABLE_MODULES = YES;
				CLANG_ENABLE_OBJC_ARC = YES;
				CLANG_ENABLE_OBJC_WEAK = YES;
				CLANG_WARN_BLOCK_CAPTURE_AUTORELEASING = YES;
				CLANG_WARN_BOOL_CONVERSION = YES;
				CLANG_WARN_COMMA = YES;
				CLANG_WARN_CONSTANT_CONVERSION = YES;
				CLANG_WARN_DEPRECATED_OBJC_IMPLEMENTATIONS = YES;
				CLANG_WARN_DIRECT_OBJC_ISA_USAGE = YES_ERROR;
				CLANG_WARN_DOCUMENTATION_COMMENTS = YES;
				CLANG_WARN_EMPTY_BODY = YES;
				CLANG_WARN_ENUM_CONVERSION = YES;
				CLANG_WARN_INFINITE_RECURSION = YES;
				CLANG_WARN_INT_CONVERSION = YES;
				CLANG_WARN_NON_LITERAL_NULL_CONVERSION = YES;
				CLANG_WARN_OBJC_IMPLICIT_RETAIN_SELF = YES;
				CLANG_WARN_OBJC_LITERAL_CONVERSION = YES;
				CLANG_WARN_OBJC_ROOT_CLASS = YES_ERROR;
				CLANG_WARN_QUOTED_INCLUDE_IN_FRAMEWORK_HEADER = YES;
				CLANG_WARN_RANGE_LOOP_ANALYSIS = YES;
				CLANG_WARN_STRICT_PROTOTYPES = YES;
				CLANG_WARN_SUSPICIOUS_MOVE = YES;
				CLANG_WARN_UNGUARDED_AVAILABILITY = YES_AGGRESSIVE;
				CLANG_WARN_UNREACHABLE_CODE = YES;
				CLANG_WARN__DUPLICATE_METHOD_MATCH = YES;
				COPY_PHASE_STRIP = NO;
				DEBUG_INFORMATION_FORMAT = dwarf;
				ENABLE_STRICT_OBJC_MSGSEND = YES;
				ENABLE_TESTABILITY = YES;
				ENABLE_USER_SCRIPT_SANDBOXING = NO;
				GCC_C_LANGUAGE_STANDARD = gnu17;
				GCC_DYNAMIC_NO_PIC = NO;
				GCC_NO_COMMON_BLOCKS = YES;
				GCC_OPTIMIZATION_LEVEL = 0;
				GCC_PREPROCESSOR_DEFINITIONS = (
					"DEBUG=1",
					"$(inherited)",
				);
				GCC_WARN_64_TO_32_BIT_CONVERSION = YES;
				GCC_WARN_ABOUT_RETURN_TYPE = YES_ERROR;
				GCC_WARN_UNDECLARED_SELECTOR = YES;
				GCC_WARN_UNINITIALIZED_AUTOS = YES_AGGRESSIVE;
				GCC_WARN_UNUSED_FUNCTION = YES;
				GCC_WARN_UNUSED_VARIABLE = YES;
				IPHONEOS_DEPLOYMENT_TARGET = 17.0;
				LOCALIZATION_PREFERS_STRING_CATALOGS = YES;
				MTL_ENABLE_DEBUG_INFO = INCLUDE_SOURCE;
				MTL_FAST_MATH = YES;
				ONLY_ACTIVE_ARCH = YES;
				SDKROOT = iphoneos;
				SWIFT_ACTIVE_COMPILATION_CONDITIONS = "DEBUG $(inherited)";
				SWIFT_OPTIMIZATION_LEVEL = "-Onone";
			};
			name = Debug;
		};
		C669AB732B2138A800CEAEAE /* Release */ = {
			isa = XCBuildConfiguration;
			buildSettings = {
				ALWAYS_SEARCH_USER_PATHS = NO;
				ASSETCATALOG_COMPILER_GENERATE_SWIFT_ASSET_SYMBOL_EXTENSIONS = YES;
				CLANG_ANALYZER_NONNULL = YES;
				CLANG_ANALYZER_NUMBER_OBJECT_CONVERSION = YES_AGGRESSIVE;
				CLANG_CXX_LANGUAGE_STANDARD = "gnu++20";
				CLANG_ENABLE_MODULES = YES;
				CLANG_ENABLE_OBJC_ARC = YES;
				CLANG_ENABLE_OBJC_WEAK = YES;
				CLANG_WARN_BLOCK_CAPTURE_AUTORELEASING = YES;
				CLANG_WARN_BOOL_CONVERSION = YES;
				CLANG_WARN_COMMA = YES;
				CLANG_WARN_CONSTANT_CONVERSION = YES;
				CLANG_WARN_DEPRECATED_OBJC_IMPLEMENTATIONS = YES;
				CLANG_WARN_DIRECT_OBJC_ISA_USAGE = YES_ERROR;
				CLANG_WARN_DOCUMENTATION_COMMENTS = YES;
				CLANG_WARN_EMPTY_BODY = YES;
				CLANG_WARN_ENUM_CONVERSION = YES;
				CLANG_WARN_INFINITE_RECURSION = YES;
				CLANG_WARN_INT_CONVERSION = YES;
				CLANG_WARN_NON_LITERAL_NULL_CONVERSION = YES;
				CLANG_WARN_OBJC_IMPLICIT_RETAIN_SELF = YES;
				CLANG_WARN_OBJC_LITERAL_CONVERSION = YES;
				CLANG_WARN_OBJC_ROOT_CLASS = YES_ERROR;
				CLANG_WARN_QUOTED_INCLUDE_IN_FRAMEWORK_HEADER = YES;
				CLANG_WARN_RANGE_LOOP_ANALYSIS = YES;
				CLANG_WARN_STRICT_PROTOTYPES = YES;
				CLANG_WARN_SUSPICIOUS_MOVE = YES;
				CLANG_WARN_UNGUARDED_AVAILABILITY = YES_AGGRESSIVE;
				CLANG_WARN_UNREACHABLE_CODE = YES;
				CLANG_WARN__DUPLICATE_METHOD_MATCH = YES;
				COPY_PHASE_STRIP = NO;
				DEBUG_INFORMATION_FORMAT = "dwarf-with-dsym";
				ENABLE_NS_ASSERTIONS = NO;
				ENABLE_STRICT_OBJC_MSGSEND = YES;
				ENABLE_USER_SCRIPT_SANDBOXING = NO;
				GCC_C_LANGUAGE_STANDARD = gnu17;
				GCC_NO_COMMON_BLOCKS = YES;
				GCC_WARN_64_TO_32_BIT_CONVERSION = YES;
				GCC_WARN_ABOUT_RETURN_TYPE = YES_ERROR;
				GCC_WARN_UNDECLARED_SELECTOR = YES;
				GCC_WARN_UNINITIALIZED_AUTOS = YES_AGGRESSIVE;
				GCC_WARN_UNUSED_FUNCTION = YES;
				GCC_WARN_UNUSED_VARIABLE = YES;
				IPHONEOS_DEPLOYMENT_TARGET = 17.0;
				LOCALIZATION_PREFERS_STRING_CATALOGS = YES;
				MTL_ENABLE_DEBUG_INFO = NO;
				MTL_FAST_MATH = YES;
				SDKROOT = iphoneos;
				SWIFT_COMPILATION_MODE = wholemodule;
				VALIDATE_PRODUCT = YES;
			};
			name = Release;
		};
		C669AB752B2138A800CEAEAE /* Debug */ = {
			isa = XCBuildConfiguration;
			baseConfigurationReference = C0B5A87D271CA4435A1FDC52 /* Pods-TravelMeit.debug.xcconfig */;
			buildSettings = {
				ASSETCATALOG_COMPILER_APPICON_NAME = AppIcon;
				ASSETCATALOG_COMPILER_GLOBAL_ACCENT_COLOR_NAME = AccentColor;
				CODE_SIGN_STYLE = Automatic;
				CURRENT_PROJECT_VERSION = 1;
				DEVELOPMENT_TEAM = K9VQ6GABN5;
				ENABLE_USER_SCRIPT_SANDBOXING = NO;
				GENERATE_INFOPLIST_FILE = YES;
				INFOPLIST_FILE = TravelMeit/Info.plist;
				INFOPLIST_KEY_UIApplicationSupportsIndirectInputEvents = YES;
				INFOPLIST_KEY_UILaunchStoryboardName = LaunchScreen;
				INFOPLIST_KEY_UIMainStoryboardFile = Main;
				INFOPLIST_KEY_UISupportedInterfaceOrientations_iPad = "UIInterfaceOrientationPortrait UIInterfaceOrientationPortraitUpsideDown UIInterfaceOrientationLandscapeLeft UIInterfaceOrientationLandscapeRight";
				INFOPLIST_KEY_UISupportedInterfaceOrientations_iPhone = "UIInterfaceOrientationPortrait UIInterfaceOrientationLandscapeLeft UIInterfaceOrientationLandscapeRight";
				IPHONEOS_DEPLOYMENT_TARGET = 14.0;
				LD_RUNPATH_SEARCH_PATHS = (
					"$(inherited)",
					"@executable_path/Frameworks",
				);
				MARKETING_VERSION = 1.0;
				PRODUCT_BUNDLE_IDENTIFIER = Mayumi.Arakaki.TravelMeit;
				PRODUCT_NAME = "$(TARGET_NAME)";
				SWIFT_EMIT_LOC_STRINGS = YES;
				SWIFT_VERSION = 5.0;
				TARGETED_DEVICE_FAMILY = "1,2";
			};
			name = Debug;
		};
		C669AB762B2138A800CEAEAE /* Release */ = {
			isa = XCBuildConfiguration;
			baseConfigurationReference = 711A3096D29E15B543706A75 /* Pods-TravelMeit.release.xcconfig */;
			buildSettings = {
				ASSETCATALOG_COMPILER_APPICON_NAME = AppIcon;
				ASSETCATALOG_COMPILER_GLOBAL_ACCENT_COLOR_NAME = AccentColor;
				CODE_SIGN_STYLE = Automatic;
				CURRENT_PROJECT_VERSION = 1;
				DEVELOPMENT_TEAM = K9VQ6GABN5;
				ENABLE_USER_SCRIPT_SANDBOXING = NO;
				GENERATE_INFOPLIST_FILE = YES;
				INFOPLIST_FILE = TravelMeit/Info.plist;
				INFOPLIST_KEY_UIApplicationSupportsIndirectInputEvents = YES;
				INFOPLIST_KEY_UILaunchStoryboardName = LaunchScreen;
				INFOPLIST_KEY_UIMainStoryboardFile = Main;
				INFOPLIST_KEY_UISupportedInterfaceOrientations_iPad = "UIInterfaceOrientationPortrait UIInterfaceOrientationPortraitUpsideDown UIInterfaceOrientationLandscapeLeft UIInterfaceOrientationLandscapeRight";
				INFOPLIST_KEY_UISupportedInterfaceOrientations_iPhone = "UIInterfaceOrientationPortrait UIInterfaceOrientationLandscapeLeft UIInterfaceOrientationLandscapeRight";
				IPHONEOS_DEPLOYMENT_TARGET = 14.0;
				LD_RUNPATH_SEARCH_PATHS = (
					"$(inherited)",
					"@executable_path/Frameworks",
				);
				MARKETING_VERSION = 1.0;
				PRODUCT_BUNDLE_IDENTIFIER = Mayumi.Arakaki.TravelMeit;
				PRODUCT_NAME = "$(TARGET_NAME)";
				SWIFT_EMIT_LOC_STRINGS = YES;
				SWIFT_VERSION = 5.0;
				TARGETED_DEVICE_FAMILY = "1,2";
			};
			name = Release;
		};
/* End XCBuildConfiguration section */

/* Begin XCConfigurationList section */
		C669AB5B2B2138A600CEAEAE /* Build configuration list for PBXProject "TravelMeit" */ = {
			isa = XCConfigurationList;
			buildConfigurations = (
				C669AB722B2138A800CEAEAE /* Debug */,
				C669AB732B2138A800CEAEAE /* Release */,
			);
			defaultConfigurationIsVisible = 0;
			defaultConfigurationName = Release;
		};
		C669AB742B2138A800CEAEAE /* Build configuration list for PBXNativeTarget "TravelMeit" */ = {
			isa = XCConfigurationList;
			buildConfigurations = (
				C669AB752B2138A800CEAEAE /* Debug */,
				C669AB762B2138A800CEAEAE /* Release */,
			);
			defaultConfigurationIsVisible = 0;
			defaultConfigurationName = Release;
		};
/* End XCConfigurationList section */
	};
	rootObject = C669AB582B2138A600CEAEAE /* Project object */;
}
